
Microsoft Visual Studio Solution File, Format Version 12.00
# Visual Studio Version 17
VisualStudioVersion = 17.3.32819.101
MinimumVisualStudioVersion = 10.0.40219.1
Project("{FAE04EC0-301F-11D3-BF4B-00C04F79EFBC}") = "MCCDTS", "MCCDTS\MCCDTS.csproj", "{6CA7F8C6-B1BF-4966-AAE3-6ECF4EF4B8E2}"
EndProject
Global
	GlobalSection(SolutionConfigurationPlatforms) = preSolution
		Debug|Any CPU = Debug|Any CPU
		Release|Any CPU = Release|Any CPU
	EndGlobalSection
	GlobalSection(ProjectConfigurationPlatforms) = postSolution
		{6CA7F8C6-B1BF-4966-AAE3-6ECF4EF4B8E2}.Debug|Any CPU.ActiveCfg = Debug|Any CPU
		{6CA7F8C6-B1BF-4966-AAE3-6ECF4EF4B8E2}.Debug|Any CPU.Build.0 = Debug|Any CPU
		{6CA7F8C6-B1BF-4966-AAE3-6ECF4EF4B8E2}.Release|Any CPU.ActiveCfg = Release|Any CPU
		{6CA7F8C6-B1BF-4966-AAE3-6ECF4EF4B8E2}.Release|Any CPU.Build.0 = Release|Any CPU
	EndGlobalSection
	GlobalSection(SolutionProperties) = preSolution
		HideSolutionNode = FALSE
	EndGlobalSection
	GlobalSection(ExtensibilityGlobals) = postSolution
		SolutionGuid = {A0227911-7168-4ACC-95C9-2E371DE3B973}
	EndGlobalSection
EndGlobal
